// !$*UTF8*$!
{
	archiveVersion = 1;
	classes = {
	};
	objectVersion = 56;
	objects = {

/* Begin PBXBuildFile section */
		2C4C30302A8675F70044633F /* SDWebImage in Frameworks */ = {isa = PBXBuildFile; productRef = 2C4C302F2A8675F70044633F /* SDWebImage */; settings = {ATTRIBUTES = (Weak, ); }; };
		2C4C30332A867F870044633F /* CityViewController.swift in Sources */ = {isa = PBXBuildFile; fileRef = 2C4C30322A867F870044633F /* CityViewController.swift */; };
		2C4C30352A867FB50044633F /* CityViewModel.swift in Sources */ = {isa = PBXBuildFile; fileRef = 2C4C30342A867FB50044633F /* CityViewModel.swift */; };
		2C4C30372A867FC70044633F /* CityModule.swift in Sources */ = {isa = PBXBuildFile; fileRef = 2C4C30362A867FC70044633F /* CityModule.swift */; };
		2C925B112A858C15008654D6 /* TabBarController.swift in Sources */ = {isa = PBXBuildFile; fileRef = 2C925B102A858C15008654D6 /* TabBarController.swift */; };
		2C925B162A858F26008654D6 /* OrdersViewController.swift in Sources */ = {isa = PBXBuildFile; fileRef = 2C925B152A858F26008654D6 /* OrdersViewController.swift */; };
		2C925B182A858F51008654D6 /* OrdersModule.swift in Sources */ = {isa = PBXBuildFile; fileRef = 2C925B172A858F51008654D6 /* OrdersModule.swift */; };
		2C925B1A2A858FB0008654D6 /* OrdersViewModel.swift in Sources */ = {isa = PBXBuildFile; fileRef = 2C925B192A858FB0008654D6 /* OrdersViewModel.swift */; };
		2C925B1C2A858FE4008654D6 /* OrdersCoordinator.swift in Sources */ = {isa = PBXBuildFile; fileRef = 2C925B1B2A858FE4008654D6 /* OrdersCoordinator.swift */; };
		2C925B1E2A85961C008654D6 /* AccountCoordinator.swift in Sources */ = {isa = PBXBuildFile; fileRef = 2C925B1D2A85961C008654D6 /* AccountCoordinator.swift */; };
		2C925B202A859654008654D6 /* AccountViewController.swift in Sources */ = {isa = PBXBuildFile; fileRef = 2C925B1F2A859654008654D6 /* AccountViewController.swift */; };
		2C925B222A85967E008654D6 /* AccountModule.swift in Sources */ = {isa = PBXBuildFile; fileRef = 2C925B212A85967E008654D6 /* AccountModule.swift */; };
		2C925B242A8596D2008654D6 /* AccountViewModel.swift in Sources */ = {isa = PBXBuildFile; fileRef = 2C925B232A8596D2008654D6 /* AccountViewModel.swift */; };
		2C925B272A85AED0008654D6 /* CitiesCollectionView.swift in Sources */ = {isa = PBXBuildFile; fileRef = 2C925B262A85AED0008654D6 /* CitiesCollectionView.swift */; };
		2C925B2C2A85AF42008654D6 /* CitiesCollectionViewCell.swift in Sources */ = {isa = PBXBuildFile; fileRef = 2C925B2B2A85AF42008654D6 /* CitiesCollectionViewCell.swift */; };
		2C925B2E2A85B63E008654D6 /* UIView+Helper.swift in Sources */ = {isa = PBXBuildFile; fileRef = 2C925B2D2A85B63E008654D6 /* UIView+Helper.swift */; };
		2C925B312A85B960008654D6 /* CitiesResponse.swift in Sources */ = {isa = PBXBuildFile; fileRef = 2C925B302A85B960008654D6 /* CitiesResponse.swift */; };
		2C925B342A85B9B7008654D6 /* SDWebImage in Frameworks */ = {isa = PBXBuildFile; productRef = 2C925B332A85B9B7008654D6 /* SDWebImage */; };
		2C925B362A85BA74008654D6 /* CityServices.swift in Sources */ = {isa = PBXBuildFile; fileRef = 2C925B352A85BA74008654D6 /* CityServices.swift */; };
		2C925B412A863531008654D6 /* LoaderIndicator.swift in Sources */ = {isa = PBXBuildFile; fileRef = 2C925B402A863531008654D6 /* LoaderIndicator.swift */; };
		2C925B442A863BF9008654D6 /* BannerView.swift in Sources */ = {isa = PBXBuildFile; fileRef = 2C925B432A863BF9008654D6 /* BannerView.swift */; };
		2C925B492A86669B008654D6 /* HomeDealsViewModelTests.swift in Sources */ = {isa = PBXBuildFile; fileRef = 2C925B482A86669B008654D6 /* HomeDealsViewModelTests.swift */; };
		2CAF790F2A86A7C000F2504F /* CityData.swift in Sources */ = {isa = PBXBuildFile; fileRef = 2CAF790E2A86A7C000F2504F /* CityData.swift */; };
		2CAF79122A86C84E00F2504F /* FilterCollectionView.swift in Sources */ = {isa = PBXBuildFile; fileRef = 2CAF79112A86C84E00F2504F /* FilterCollectionView.swift */; };
		2CAF79142A86C88000F2504F /* FilterCollectionViewCell.swift in Sources */ = {isa = PBXBuildFile; fileRef = 2CAF79132A86C88000F2504F /* FilterCollectionViewCell.swift */; };
		2CAF79172A86D91800F2504F /* SDWebImageSVGCoder in Frameworks */ = {isa = PBXBuildFile; productRef = 2CAF79162A86D91800F2504F /* SDWebImageSVGCoder */; };
		2CAF791A2A86DEBA00F2504F /* CityItemCollectionView.swift in Sources */ = {isa = PBXBuildFile; fileRef = 2CAF79192A86DEBA00F2504F /* CityItemCollectionView.swift */; };
		2CAF791C2A86DEFB00F2504F /* CityItemCollectionViewCell.swift in Sources */ = {isa = PBXBuildFile; fileRef = 2CAF791B2A86DEFB00F2504F /* CityItemCollectionViewCell.swift */; };
		2CBC18522A856EA000C48745 /* AppDelegate.swift in Sources */ = {isa = PBXBuildFile; fileRef = 2CBC18512A856EA000C48745 /* AppDelegate.swift */; };
		2CBC18542A856EA000C48745 /* SceneDelegate.swift in Sources */ = {isa = PBXBuildFile; fileRef = 2CBC18532A856EA000C48745 /* SceneDelegate.swift */; };
		2CBC18562A856EA000C48745 /* HomeDealsViewController.swift in Sources */ = {isa = PBXBuildFile; fileRef = 2CBC18552A856EA000C48745 /* HomeDealsViewController.swift */; };
		2CBC185B2A856EA400C48745 /* Assets.xcassets in Resources */ = {isa = PBXBuildFile; fileRef = 2CBC185A2A856EA400C48745 /* Assets.xcassets */; };
		2CBC185E2A856EA400C48745 /* LaunchScreen.storyboard in Resources */ = {isa = PBXBuildFile; fileRef = 2CBC185C2A856EA400C48745 /* LaunchScreen.storyboard */; };
		2CBC18862A85711500C48745 /* AppCoordinator.swift in Sources */ = {isa = PBXBuildFile; fileRef = 2CBC18852A85711500C48745 /* AppCoordinator.swift */; };
		2CBC18892A8571A500C48745 /* Coordinator.swift in Sources */ = {isa = PBXBuildFile; fileRef = 2CBC18882A8571A500C48745 /* Coordinator.swift */; };
		2CBC188C2A857A2900C48745 /* AppViewController.swift in Sources */ = {isa = PBXBuildFile; fileRef = 2CBC188B2A857A2900C48745 /* AppViewController.swift */; };
		2CBC188E2A857A8D00C48745 /* HomeDealsViewModel.swift in Sources */ = {isa = PBXBuildFile; fileRef = 2CBC188D2A857A8D00C48745 /* HomeDealsViewModel.swift */; };
		2CBC18902A857BA600C48745 /* HomeDealsModule.swift in Sources */ = {isa = PBXBuildFile; fileRef = 2CBC188F2A857BA600C48745 /* HomeDealsModule.swift */; };
		2CBC18922A857D2100C48745 /* HomeDealsCoordinator.swift in Sources */ = {isa = PBXBuildFile; fileRef = 2CBC18912A857D2100C48745 /* HomeDealsCoordinator.swift */; };
		2CBC18962A8582FD00C48745 /* TabBarControllerCoordinator.swift in Sources */ = {isa = PBXBuildFile; fileRef = 2CBC18952A8582FD00C48745 /* TabBarControllerCoordinator.swift */; };
/* End PBXBuildFile section */

/* Begin PBXContainerItemProxy section */
		2CBC18652A856EA500C48745 /* PBXContainerItemProxy */ = {
			isa = PBXContainerItemProxy;
			containerPortal = 2CBC18462A856E9F00C48745 /* Project object */;
			proxyType = 1;
			remoteGlobalIDString = 2CBC184D2A856EA000C48745;
			remoteInfo = DeinDealTestApp;
		};
/* End PBXContainerItemProxy section */

/* Begin PBXFileReference section */
		2C4C302E2A86759E0044633F /* DeinDelTestPlan.xctestplan */ = {isa = PBXFileReference; lastKnownFileType = text; path = DeinDelTestPlan.xctestplan; sourceTree = "<group>"; };
		2C4C30322A867F870044633F /* CityViewController.swift */ = {isa = PBXFileReference; lastKnownFileType = sourcecode.swift; path = CityViewController.swift; sourceTree = "<group>"; };
		2C4C30342A867FB50044633F /* CityViewModel.swift */ = {isa = PBXFileReference; lastKnownFileType = sourcecode.swift; path = CityViewModel.swift; sourceTree = "<group>"; };
		2C4C30362A867FC70044633F /* CityModule.swift */ = {isa = PBXFileReference; lastKnownFileType = sourcecode.swift; path = CityModule.swift; sourceTree = "<group>"; };
		2C925B102A858C15008654D6 /* TabBarController.swift */ = {isa = PBXFileReference; lastKnownFileType = sourcecode.swift; path = TabBarController.swift; sourceTree = "<group>"; };
		2C925B152A858F26008654D6 /* OrdersViewController.swift */ = {isa = PBXFileReference; lastKnownFileType = sourcecode.swift; path = OrdersViewController.swift; sourceTree = "<group>"; };
		2C925B172A858F51008654D6 /* OrdersModule.swift */ = {isa = PBXFileReference; lastKnownFileType = sourcecode.swift; path = OrdersModule.swift; sourceTree = "<group>"; };
		2C925B192A858FB0008654D6 /* OrdersViewModel.swift */ = {isa = PBXFileReference; lastKnownFileType = sourcecode.swift; path = OrdersViewModel.swift; sourceTree = "<group>"; };
		2C925B1B2A858FE4008654D6 /* OrdersCoordinator.swift */ = {isa = PBXFileReference; lastKnownFileType = sourcecode.swift; path = OrdersCoordinator.swift; sourceTree = "<group>"; };
		2C925B1D2A85961C008654D6 /* AccountCoordinator.swift */ = {isa = PBXFileReference; lastKnownFileType = sourcecode.swift; path = AccountCoordinator.swift; sourceTree = "<group>"; };
		2C925B1F2A859654008654D6 /* AccountViewController.swift */ = {isa = PBXFileReference; lastKnownFileType = sourcecode.swift; path = AccountViewController.swift; sourceTree = "<group>"; };
		2C925B212A85967E008654D6 /* AccountModule.swift */ = {isa = PBXFileReference; lastKnownFileType = sourcecode.swift; path = AccountModule.swift; sourceTree = "<group>"; };
		2C925B232A8596D2008654D6 /* AccountViewModel.swift */ = {isa = PBXFileReference; lastKnownFileType = sourcecode.swift; path = AccountViewModel.swift; sourceTree = "<group>"; };
		2C925B262A85AED0008654D6 /* CitiesCollectionView.swift */ = {isa = PBXFileReference; lastKnownFileType = sourcecode.swift; path = CitiesCollectionView.swift; sourceTree = "<group>"; };
		2C925B2B2A85AF42008654D6 /* CitiesCollectionViewCell.swift */ = {isa = PBXFileReference; lastKnownFileType = sourcecode.swift; path = CitiesCollectionViewCell.swift; sourceTree = "<group>"; };
		2C925B2D2A85B63E008654D6 /* UIView+Helper.swift */ = {isa = PBXFileReference; lastKnownFileType = sourcecode.swift; path = "UIView+Helper.swift"; sourceTree = "<group>"; };
		2C925B302A85B960008654D6 /* CitiesResponse.swift */ = {isa = PBXFileReference; lastKnownFileType = sourcecode.swift; path = CitiesResponse.swift; sourceTree = "<group>"; };
		2C925B352A85BA74008654D6 /* CityServices.swift */ = {isa = PBXFileReference; lastKnownFileType = sourcecode.swift; path = CityServices.swift; sourceTree = "<group>"; };
		2C925B402A863531008654D6 /* LoaderIndicator.swift */ = {isa = PBXFileReference; lastKnownFileType = sourcecode.swift; path = LoaderIndicator.swift; sourceTree = "<group>"; };
		2C925B432A863BF9008654D6 /* BannerView.swift */ = {isa = PBXFileReference; lastKnownFileType = sourcecode.swift; path = BannerView.swift; sourceTree = "<group>"; };
		2C925B482A86669B008654D6 /* HomeDealsViewModelTests.swift */ = {isa = PBXFileReference; lastKnownFileType = sourcecode.swift; path = HomeDealsViewModelTests.swift; sourceTree = "<group>"; };
		2CAF790E2A86A7C000F2504F /* CityData.swift */ = {isa = PBXFileReference; lastKnownFileType = sourcecode.swift; path = CityData.swift; sourceTree = "<group>"; };
		2CAF79112A86C84E00F2504F /* FilterCollectionView.swift */ = {isa = PBXFileReference; lastKnownFileType = sourcecode.swift; path = FilterCollectionView.swift; sourceTree = "<group>"; };
		2CAF79132A86C88000F2504F /* FilterCollectionViewCell.swift */ = {isa = PBXFileReference; lastKnownFileType = sourcecode.swift; path = FilterCollectionViewCell.swift; sourceTree = "<group>"; };
		2CAF79192A86DEBA00F2504F /* CityItemCollectionView.swift */ = {isa = PBXFileReference; lastKnownFileType = sourcecode.swift; path = CityItemCollectionView.swift; sourceTree = "<group>"; };
		2CAF791B2A86DEFB00F2504F /* CityItemCollectionViewCell.swift */ = {isa = PBXFileReference; lastKnownFileType = sourcecode.swift; path = CityItemCollectionViewCell.swift; sourceTree = "<group>"; };
		2CBC184E2A856EA000C48745 /* DeinDealTestApp.app */ = {isa = PBXFileReference; explicitFileType = wrapper.application; includeInIndex = 0; path = DeinDealTestApp.app; sourceTree = BUILT_PRODUCTS_DIR; };
		2CBC18512A856EA000C48745 /* AppDelegate.swift */ = {isa = PBXFileReference; lastKnownFileType = sourcecode.swift; path = AppDelegate.swift; sourceTree = "<group>"; };
		2CBC18532A856EA000C48745 /* SceneDelegate.swift */ = {isa = PBXFileReference; lastKnownFileType = sourcecode.swift; path = SceneDelegate.swift; sourceTree = "<group>"; };
		2CBC18552A856EA000C48745 /* HomeDealsViewController.swift */ = {isa = PBXFileReference; lastKnownFileType = sourcecode.swift; path = HomeDealsViewController.swift; sourceTree = "<group>"; };
		2CBC185A2A856EA400C48745 /* Assets.xcassets */ = {isa = PBXFileReference; lastKnownFileType = folder.assetcatalog; path = Assets.xcassets; sourceTree = "<group>"; };
		2CBC185D2A856EA400C48745 /* Base */ = {isa = PBXFileReference; lastKnownFileType = file.storyboard; name = Base; path = Base.lproj/LaunchScreen.storyboard; sourceTree = "<group>"; };
		2CBC185F2A856EA400C48745 /* Info.plist */ = {isa = PBXFileReference; lastKnownFileType = text.plist.xml; path = Info.plist; sourceTree = "<group>"; };
		2CBC18642A856EA500C48745 /* DeinDealTestAppTests.xctest */ = {isa = PBXFileReference; explicitFileType = wrapper.cfbundle; includeInIndex = 0; path = DeinDealTestAppTests.xctest; sourceTree = BUILT_PRODUCTS_DIR; };
		2CBC18852A85711500C48745 /* AppCoordinator.swift */ = {isa = PBXFileReference; lastKnownFileType = sourcecode.swift; path = AppCoordinator.swift; sourceTree = "<group>"; };
		2CBC18882A8571A500C48745 /* Coordinator.swift */ = {isa = PBXFileReference; lastKnownFileType = sourcecode.swift; path = Coordinator.swift; sourceTree = "<group>"; };
		2CBC188B2A857A2900C48745 /* AppViewController.swift */ = {isa = PBXFileReference; lastKnownFileType = sourcecode.swift; path = AppViewController.swift; sourceTree = "<group>"; };
		2CBC188D2A857A8D00C48745 /* HomeDealsViewModel.swift */ = {isa = PBXFileReference; lastKnownFileType = sourcecode.swift; path = HomeDealsViewModel.swift; sourceTree = "<group>"; };
		2CBC188F2A857BA600C48745 /* HomeDealsModule.swift */ = {isa = PBXFileReference; lastKnownFileType = sourcecode.swift; path = HomeDealsModule.swift; sourceTree = "<group>"; };
		2CBC18912A857D2100C48745 /* HomeDealsCoordinator.swift */ = {isa = PBXFileReference; lastKnownFileType = sourcecode.swift; path = HomeDealsCoordinator.swift; sourceTree = "<group>"; };
		2CBC18952A8582FD00C48745 /* TabBarControllerCoordinator.swift */ = {isa = PBXFileReference; lastKnownFileType = sourcecode.swift; path = TabBarControllerCoordinator.swift; sourceTree = "<group>"; };
/* End PBXFileReference section */

/* Begin PBXFrameworksBuildPhase section */
		2CBC184B2A856EA000C48745 /* Frameworks */ = {
			isa = PBXFrameworksBuildPhase;
			buildActionMask = 2147483647;
			files = (
				2C925B342A85B9B7008654D6 /* SDWebImage in Frameworks */,
				2CAF79172A86D91800F2504F /* SDWebImageSVGCoder in Frameworks */,
			);
			runOnlyForDeploymentPostprocessing = 0;
		};
		2CBC18612A856EA500C48745 /* Frameworks */ = {
			isa = PBXFrameworksBuildPhase;
			buildActionMask = 2147483647;
			files = (
				2C4C30302A8675F70044633F /* SDWebImage in Frameworks */,
			);
			runOnlyForDeploymentPostprocessing = 0;
		};
/* End PBXFrameworksBuildPhase section */

/* Begin PBXGroup section */
		2C4C30312A8679C90044633F /* City */ = {
			isa = PBXGroup;
			children = (
				2CAF79182A86DEA300F2504F /* CityItemView */,
				2CAF79102A86C83700F2504F /* FilterView */,
				2C4C30322A867F870044633F /* CityViewController.swift */,
				2C4C30342A867FB50044633F /* CityViewModel.swift */,
				2C4C30362A867FC70044633F /* CityModule.swift */,
			);
			path = City;
			sourceTree = "<group>";
		};
		2C925B122A858DB1008654D6 /* Helpers */ = {
			isa = PBXGroup;
			children = (
				2CBC188B2A857A2900C48745 /* AppViewController.swift */,
				2C925B2D2A85B63E008654D6 /* UIView+Helper.swift */,
				2C925B402A863531008654D6 /* LoaderIndicator.swift */,
			);
			path = Helpers;
			sourceTree = "<group>";
		};
		2C925B132A858EC4008654D6 /* Orders */ = {
			isa = PBXGroup;
			children = (
				2C925B1B2A858FE4008654D6 /* OrdersCoordinator.swift */,
				2C925B152A858F26008654D6 /* OrdersViewController.swift */,
				2C925B192A858FB0008654D6 /* OrdersViewModel.swift */,
				2C925B172A858F51008654D6 /* OrdersModule.swift */,
			);
			path = Orders;
			sourceTree = "<group>";
		};
		2C925B142A858EDA008654D6 /* Account */ = {
			isa = PBXGroup;
			children = (
				2C925B1D2A85961C008654D6 /* AccountCoordinator.swift */,
				2C925B1F2A859654008654D6 /* AccountViewController.swift */,
				2C925B212A85967E008654D6 /* AccountModule.swift */,
				2C925B232A8596D2008654D6 /* AccountViewModel.swift */,
			);
			path = Account;
			sourceTree = "<group>";
		};
		2C925B252A85AE9C008654D6 /* CityView */ = {
			isa = PBXGroup;
			children = (
				2C925B262A85AED0008654D6 /* CitiesCollectionView.swift */,
				2C925B2B2A85AF42008654D6 /* CitiesCollectionViewCell.swift */,
			);
			path = CityView;
			sourceTree = "<group>";
		};
		2C925B2F2A85B951008654D6 /* Model */ = {
			isa = PBXGroup;
			children = (
				2C925B302A85B960008654D6 /* CitiesResponse.swift */,
				2CAF790E2A86A7C000F2504F /* CityData.swift */,
			);
			path = Model;
			sourceTree = "<group>";
		};
		2C925B372A85BA7D008654D6 /* Services */ = {
			isa = PBXGroup;
			children = (
				2C925B352A85BA74008654D6 /* CityServices.swift */,
			);
			path = Services;
			sourceTree = "<group>";
		};
		2C925B422A863BE5008654D6 /* ViewComponent */ = {
			isa = PBXGroup;
			children = (
				2C925B432A863BF9008654D6 /* BannerView.swift */,
			);
			path = ViewComponent;
			sourceTree = "<group>";
		};
		2C925B472A86666A008654D6 /* HomeDeals */ = {
			isa = PBXGroup;
			children = (
				2C925B482A86669B008654D6 /* HomeDealsViewModelTests.swift */,
			);
			path = HomeDeals;
			sourceTree = "<group>";
		};
		2C925B4A2A8667B3008654D6 /* Frameworks */ = {
			isa = PBXGroup;
			children = (
			);
			name = Frameworks;
			sourceTree = "<group>";
		};
		2CAF79102A86C83700F2504F /* FilterView */ = {
			isa = PBXGroup;
			children = (
				2CAF79112A86C84E00F2504F /* FilterCollectionView.swift */,
				2CAF79132A86C88000F2504F /* FilterCollectionViewCell.swift */,
			);
			path = FilterView;
			sourceTree = "<group>";
		};
		2CAF79182A86DEA300F2504F /* CityItemView */ = {
			isa = PBXGroup;
			children = (
				2CAF79192A86DEBA00F2504F /* CityItemCollectionView.swift */,
				2CAF791B2A86DEFB00F2504F /* CityItemCollectionViewCell.swift */,
			);
			path = CityItemView;
			sourceTree = "<group>";
		};
		2CBC18452A856E9F00C48745 = {
			isa = PBXGroup;
			children = (
				2CBC18502A856EA000C48745 /* DeinDealTestApp */,
				2CBC18672A856EA500C48745 /* DeinDealTestAppTests */,
				2CBC184F2A856EA000C48745 /* Products */,
				2C925B4A2A8667B3008654D6 /* Frameworks */,
			);
			sourceTree = "<group>";
		};
		2CBC184F2A856EA000C48745 /* Products */ = {
			isa = PBXGroup;
			children = (
				2CBC184E2A856EA000C48745 /* DeinDealTestApp.app */,
				2CBC18642A856EA500C48745 /* DeinDealTestAppTests.xctest */,
			);
			name = Products;
			sourceTree = "<group>";
		};
		2CBC18502A856EA000C48745 /* DeinDealTestApp */ = {
			isa = PBXGroup;
			children = (
				2CBC18812A856FA000C48745 /* Sources */,
				2CBC18822A856FA800C48745 /* Resources */,
			);
			path = DeinDealTestApp;
			sourceTree = "<group>";
		};
		2CBC18672A856EA500C48745 /* DeinDealTestAppTests */ = {
			isa = PBXGroup;
			children = (
				2C4C302E2A86759E0044633F /* DeinDelTestPlan.xctestplan */,
				2C925B472A86666A008654D6 /* HomeDeals */,
			);
			path = DeinDealTestAppTests;
			sourceTree = "<group>";
		};
		2CBC18812A856FA000C48745 /* Sources */ = {
			isa = PBXGroup;
			children = (
				2CBC18872A85719600C48745 /* Coordinator */,
				2CBC18842A856FF700C48745 /* Scene */,
				2CBC18832A856FE500C48745 /* Common */,
				2C925B122A858DB1008654D6 /* Helpers */,
			);
			path = Sources;
			sourceTree = "<group>";
		};
		2CBC18822A856FA800C48745 /* Resources */ = {
			isa = PBXGroup;
			children = (
				2CBC185C2A856EA400C48745 /* LaunchScreen.storyboard */,
				2CBC185A2A856EA400C48745 /* Assets.xcassets */,
				2CBC185F2A856EA400C48745 /* Info.plist */,
			);
			path = Resources;
			sourceTree = "<group>";
		};
		2CBC18832A856FE500C48745 /* Common */ = {
			isa = PBXGroup;
			children = (
				2CBC18512A856EA000C48745 /* AppDelegate.swift */,
				2CBC18532A856EA000C48745 /* SceneDelegate.swift */,
				2CBC18852A85711500C48745 /* AppCoordinator.swift */,
				2CBC18942A8582D800C48745 /* TabBarController */,
			);
			path = Common;
			sourceTree = "<group>";
		};
		2CBC18842A856FF700C48745 /* Scene */ = {
			isa = PBXGroup;
			children = (
				2CBC188A2A85792B00C48745 /* HomeDeals */,
				2C4C30312A8679C90044633F /* City */,
				2C925B132A858EC4008654D6 /* Orders */,
				2C925B142A858EDA008654D6 /* Account */,
				2C925B372A85BA7D008654D6 /* Services */,
				2C925B2F2A85B951008654D6 /* Model */,
				2C925B422A863BE5008654D6 /* ViewComponent */,
			);
			path = Scene;
			sourceTree = "<group>";
		};
		2CBC18872A85719600C48745 /* Coordinator */ = {
			isa = PBXGroup;
			children = (
				2CBC18882A8571A500C48745 /* Coordinator.swift */,
			);
			path = Coordinator;
			sourceTree = "<group>";
		};
		2CBC188A2A85792B00C48745 /* HomeDeals */ = {
			isa = PBXGroup;
			children = (
				2CBC18912A857D2100C48745 /* HomeDealsCoordinator.swift */,
				2CBC18552A856EA000C48745 /* HomeDealsViewController.swift */,
				2CBC188F2A857BA600C48745 /* HomeDealsModule.swift */,
				2CBC188D2A857A8D00C48745 /* HomeDealsViewModel.swift */,
				2C925B252A85AE9C008654D6 /* CityView */,
			);
			path = HomeDeals;
			sourceTree = "<group>";
		};
		2CBC18942A8582D800C48745 /* TabBarController */ = {
			isa = PBXGroup;
			children = (
				2CBC18952A8582FD00C48745 /* TabBarControllerCoordinator.swift */,
				2C925B102A858C15008654D6 /* TabBarController.swift */,
			);
			path = TabBarController;
			sourceTree = "<group>";
		};
/* End PBXGroup section */

/* Begin PBXNativeTarget section */
		2CBC184D2A856EA000C48745 /* DeinDealTestApp */ = {
			isa = PBXNativeTarget;
			buildConfigurationList = 2CBC18782A856EA500C48745 /* Build configuration list for PBXNativeTarget "DeinDealTestApp" */;
			buildPhases = (
				2CBC184A2A856EA000C48745 /* Sources */,
				2CBC184B2A856EA000C48745 /* Frameworks */,
				2CBC184C2A856EA000C48745 /* Resources */,
			);
			buildRules = (
			);
			dependencies = (
			);
			name = DeinDealTestApp;
			packageProductDependencies = (
				2C925B332A85B9B7008654D6 /* SDWebImage */,
				2CAF79162A86D91800F2504F /* SDWebImageSVGCoder */,
			);
			productName = DeinDealTestApp;
			productReference = 2CBC184E2A856EA000C48745 /* DeinDealTestApp.app */;
			productType = "com.apple.product-type.application";
		};
		2CBC18632A856EA500C48745 /* DeinDealTestAppTests */ = {
			isa = PBXNativeTarget;
			buildConfigurationList = 2CBC187B2A856EA500C48745 /* Build configuration list for PBXNativeTarget "DeinDealTestAppTests" */;
			buildPhases = (
				2CBC18602A856EA500C48745 /* Sources */,
				2CBC18612A856EA500C48745 /* Frameworks */,
				2CBC18622A856EA500C48745 /* Resources */,
			);
			buildRules = (
			);
			dependencies = (
				2CBC18662A856EA500C48745 /* PBXTargetDependency */,
			);
			name = DeinDealTestAppTests;
			packageProductDependencies = (
				2C4C302F2A8675F70044633F /* SDWebImage */,
			);
			productName = DeinDealTestAppTests;
			productReference = 2CBC18642A856EA500C48745 /* DeinDealTestAppTests.xctest */;
			productType = "com.apple.product-type.bundle.unit-test";
		};
/* End PBXNativeTarget section */

/* Begin PBXProject section */
		2CBC18462A856E9F00C48745 /* Project object */ = {
			isa = PBXProject;
			attributes = {
				BuildIndependentTargetsInParallel = 1;
				LastSwiftUpdateCheck = 1430;
				LastUpgradeCheck = 1430;
				TargetAttributes = {
					2CBC184D2A856EA000C48745 = {
						CreatedOnToolsVersion = 14.3.1;
					};
					2CBC18632A856EA500C48745 = {
						CreatedOnToolsVersion = 14.3.1;
						TestTargetID = 2CBC184D2A856EA000C48745;
					};
				};
			};
			buildConfigurationList = 2CBC18492A856E9F00C48745 /* Build configuration list for PBXProject "DeinDealTestApp" */;
			compatibilityVersion = "Xcode 14.0";
			developmentRegion = en;
			hasScannedForEncodings = 0;
			knownRegions = (
				en,
				Base,
			);
			mainGroup = 2CBC18452A856E9F00C48745;
			packageReferences = (
				2C925B322A85B9B7008654D6 /* XCRemoteSwiftPackageReference "SDWebImage" */,
				2CAF79152A86D91800F2504F /* XCRemoteSwiftPackageReference "SDWebImageSVGCoder" */,
			);
			productRefGroup = 2CBC184F2A856EA000C48745 /* Products */;
			projectDirPath = "";
			projectRoot = "";
			targets = (
				2CBC184D2A856EA000C48745 /* DeinDealTestApp */,
				2CBC18632A856EA500C48745 /* DeinDealTestAppTests */,
			);
		};
/* End PBXProject section */

/* Begin PBXResourcesBuildPhase section */
		2CBC184C2A856EA000C48745 /* Resources */ = {
			isa = PBXResourcesBuildPhase;
			buildActionMask = 2147483647;
			files = (
				2CBC185E2A856EA400C48745 /* LaunchScreen.storyboard in Resources */,
				2CBC185B2A856EA400C48745 /* Assets.xcassets in Resources */,
			);
			runOnlyForDeploymentPostprocessing = 0;
		};
		2CBC18622A856EA500C48745 /* Resources */ = {
			isa = PBXResourcesBuildPhase;
			buildActionMask = 2147483647;
			files = (
			);
			runOnlyForDeploymentPostprocessing = 0;
		};
/* End PBXResourcesBuildPhase section */

/* Begin PBXSourcesBuildPhase section */
		2CBC184A2A856EA000C48745 /* Sources */ = {
			isa = PBXSourcesBuildPhase;
			buildActionMask = 2147483647;
			files = (
				2CBC188C2A857A2900C48745 /* AppViewController.swift in Sources */,
				2C925B412A863531008654D6 /* LoaderIndicator.swift in Sources */,
				2C925B312A85B960008654D6 /* CitiesResponse.swift in Sources */,
				2C925B182A858F51008654D6 /* OrdersModule.swift in Sources */,
				2CBC18922A857D2100C48745 /* HomeDealsCoordinator.swift in Sources */,
				2C925B112A858C15008654D6 /* TabBarController.swift in Sources */,
				2CAF79142A86C88000F2504F /* FilterCollectionViewCell.swift in Sources */,
				2C925B1E2A85961C008654D6 /* AccountCoordinator.swift in Sources */,
				2CAF79122A86C84E00F2504F /* FilterCollectionView.swift in Sources */,
				2CBC18862A85711500C48745 /* AppCoordinator.swift in Sources */,
				2C925B1A2A858FB0008654D6 /* OrdersViewModel.swift in Sources */,
				2C925B1C2A858FE4008654D6 /* OrdersCoordinator.swift in Sources */,
				2C925B202A859654008654D6 /* AccountViewController.swift in Sources */,
				2C925B272A85AED0008654D6 /* CitiesCollectionView.swift in Sources */,
				2CAF790F2A86A7C000F2504F /* CityData.swift in Sources */,
				2CBC188E2A857A8D00C48745 /* HomeDealsViewModel.swift in Sources */,
				2C925B242A8596D2008654D6 /* AccountViewModel.swift in Sources */,
				2C4C30372A867FC70044633F /* CityModule.swift in Sources */,
				2CAF791A2A86DEBA00F2504F /* CityItemCollectionView.swift in Sources */,
				2C4C30332A867F870044633F /* CityViewController.swift in Sources */,
				2CBC18962A8582FD00C48745 /* TabBarControllerCoordinator.swift in Sources */,
				2C925B222A85967E008654D6 /* AccountModule.swift in Sources */,
				2CBC18902A857BA600C48745 /* HomeDealsModule.swift in Sources */,
				2C925B2C2A85AF42008654D6 /* CitiesCollectionViewCell.swift in Sources */,
				2C4C30352A867FB50044633F /* CityViewModel.swift in Sources */,
				2C925B2E2A85B63E008654D6 /* UIView+Helper.swift in Sources */,
				2C925B162A858F26008654D6 /* OrdersViewController.swift in Sources */,
				2CBC18562A856EA000C48745 /* HomeDealsViewController.swift in Sources */,
				2C925B362A85BA74008654D6 /* CityServices.swift in Sources */,
				2CBC18892A8571A500C48745 /* Coordinator.swift in Sources */,
				2CBC18522A856EA000C48745 /* AppDelegate.swift in Sources */,
				2C925B442A863BF9008654D6 /* BannerView.swift in Sources */,
				2CAF791C2A86DEFB00F2504F /* CityItemCollectionViewCell.swift in Sources */,
				2CBC18542A856EA000C48745 /* SceneDelegate.swift in Sources */,
			);
			runOnlyForDeploymentPostprocessing = 0;
		};
		2CBC18602A856EA500C48745 /* Sources */ = {
			isa = PBXSourcesBuildPhase;
			buildActionMask = 2147483647;
			files = (
				2C925B492A86669B008654D6 /* HomeDealsViewModelTests.swift in Sources */,
			);
			runOnlyForDeploymentPostprocessing = 0;
		};
/* End PBXSourcesBuildPhase section */

/* Begin PBXTargetDependency section */
		2CBC18662A856EA500C48745 /* PBXTargetDependency */ = {
			isa = PBXTargetDependency;
			target = 2CBC184D2A856EA000C48745 /* DeinDealTestApp */;
			targetProxy = 2CBC18652A856EA500C48745 /* PBXContainerItemProxy */;
		};
/* End PBXTargetDependency section */

/* Begin PBXVariantGroup section */
		2CBC185C2A856EA400C48745 /* LaunchScreen.storyboard */ = {
			isa = PBXVariantGroup;
			children = (
				2CBC185D2A856EA400C48745 /* Base */,
			);
			name = LaunchScreen.storyboard;
			sourceTree = "<group>";
		};
/* End PBXVariantGroup section */

/* Begin XCBuildConfiguration section */
		2CBC18762A856EA500C48745 /* Debug */ = {
			isa = XCBuildConfiguration;
			buildSettings = {
				ALWAYS_SEARCH_USER_PATHS = NO;
				CLANG_ANALYZER_NONNULL = YES;
				CLANG_ANALYZER_NUMBER_OBJECT_CONVERSION = YES_AGGRESSIVE;
				CLANG_CXX_LANGUAGE_STANDARD = "gnu++20";
				CLANG_ENABLE_MODULES = YES;
				CLANG_ENABLE_OBJC_ARC = YES;
				CLANG_ENABLE_OBJC_WEAK = YES;
				CLANG_WARN_BLOCK_CAPTURE_AUTORELEASING = YES;
				CLANG_WARN_BOOL_CONVERSION = YES;
				CLANG_WARN_COMMA = YES;
				CLANG_WARN_CONSTANT_CONVERSION = YES;
				CLANG_WARN_DEPRECATED_OBJC_IMPLEMENTATIONS = YES;
				CLANG_WARN_DIRECT_OBJC_ISA_USAGE = YES_ERROR;
				CLANG_WARN_DOCUMENTATION_COMMENTS = YES;
				CLANG_WARN_EMPTY_BODY = YES;
				CLANG_WARN_ENUM_CONVERSION = YES;
				CLANG_WARN_INFINITE_RECURSION = YES;
				CLANG_WARN_INT_CONVERSION = YES;
				CLANG_WARN_NON_LITERAL_NULL_CONVERSION = YES;
				CLANG_WARN_OBJC_IMPLICIT_RETAIN_SELF = YES;
				CLANG_WARN_OBJC_LITERAL_CONVERSION = YES;
				CLANG_WARN_OBJC_ROOT_CLASS = YES_ERROR;
				CLANG_WARN_QUOTED_INCLUDE_IN_FRAMEWORK_HEADER = YES;
				CLANG_WARN_RANGE_LOOP_ANALYSIS = YES;
				CLANG_WARN_STRICT_PROTOTYPES = YES;
				CLANG_WARN_SUSPICIOUS_MOVE = YES;
				CLANG_WARN_UNGUARDED_AVAILABILITY = YES_AGGRESSIVE;
				CLANG_WARN_UNREACHABLE_CODE = YES;
				CLANG_WARN__DUPLICATE_METHOD_MATCH = YES;
				COPY_PHASE_STRIP = NO;
				DEBUG_INFORMATION_FORMAT = dwarf;
				ENABLE_STRICT_OBJC_MSGSEND = YES;
				ENABLE_TESTABILITY = YES;
				GCC_C_LANGUAGE_STANDARD = gnu11;
				GCC_DYNAMIC_NO_PIC = NO;
				GCC_NO_COMMON_BLOCKS = YES;
				GCC_OPTIMIZATION_LEVEL = 0;
				GCC_PREPROCESSOR_DEFINITIONS = (
					"DEBUG=1",
					"$(inherited)",
				);
				GCC_WARN_64_TO_32_BIT_CONVERSION = YES;
				GCC_WARN_ABOUT_RETURN_TYPE = YES_ERROR;
				GCC_WARN_UNDECLARED_SELECTOR = YES;
				GCC_WARN_UNINITIALIZED_AUTOS = YES_AGGRESSIVE;
				GCC_WARN_UNUSED_FUNCTION = YES;
				GCC_WARN_UNUSED_VARIABLE = YES;
				IPHONEOS_DEPLOYMENT_TARGET = 16.0;
				MTL_ENABLE_DEBUG_INFO = INCLUDE_SOURCE;
				MTL_FAST_MATH = YES;
				ONLY_ACTIVE_ARCH = YES;
				SDKROOT = iphoneos;
				SWIFT_ACTIVE_COMPILATION_CONDITIONS = DEBUG;
				SWIFT_OPTIMIZATION_LEVEL = "-Onone";
			};
			name = Debug;
		};
		2CBC18772A856EA500C48745 /* Release */ = {
			isa = XCBuildConfiguration;
			buildSettings = {
				ALWAYS_SEARCH_USER_PATHS = NO;
				CLANG_ANALYZER_NONNULL = YES;
				CLANG_ANALYZER_NUMBER_OBJECT_CONVERSION = YES_AGGRESSIVE;
				CLANG_CXX_LANGUAGE_STANDARD = "gnu++20";
				CLANG_ENABLE_MODULES = YES;
				CLANG_ENABLE_OBJC_ARC = YES;
				CLANG_ENABLE_OBJC_WEAK = YES;
				CLANG_WARN_BLOCK_CAPTURE_AUTORELEASING = YES;
				CLANG_WARN_BOOL_CONVERSION = YES;
				CLANG_WARN_COMMA = YES;
				CLANG_WARN_CONSTANT_CONVERSION = YES;
				CLANG_WARN_DEPRECATED_OBJC_IMPLEMENTATIONS = YES;
				CLANG_WARN_DIRECT_OBJC_ISA_USAGE = YES_ERROR;
				CLANG_WARN_DOCUMENTATION_COMMENTS = YES;
				CLANG_WARN_EMPTY_BODY = YES;
				CLANG_WARN_ENUM_CONVERSION = YES;
				CLANG_WARN_INFINITE_RECURSION = YES;
				CLANG_WARN_INT_CONVERSION = YES;
				CLANG_WARN_NON_LITERAL_NULL_CONVERSION = YES;
				CLANG_WARN_OBJC_IMPLICIT_RETAIN_SELF = YES;
				CLANG_WARN_OBJC_LITERAL_CONVERSION = YES;
				CLANG_WARN_OBJC_ROOT_CLASS = YES_ERROR;
				CLANG_WARN_QUOTED_INCLUDE_IN_FRAMEWORK_HEADER = YES;
				CLANG_WARN_RANGE_LOOP_ANALYSIS = YES;
				CLANG_WARN_STRICT_PROTOTYPES = YES;
				CLANG_WARN_SUSPICIOUS_MOVE = YES;
				CLANG_WARN_UNGUARDED_AVAILABILITY = YES_AGGRESSIVE;
				CLANG_WARN_UNREACHABLE_CODE = YES;
				CLANG_WARN__DUPLICATE_METHOD_MATCH = YES;
				COPY_PHASE_STRIP = NO;
				DEBUG_INFORMATION_FORMAT = "dwarf-with-dsym";
				ENABLE_NS_ASSERTIONS = NO;
				ENABLE_STRICT_OBJC_MSGSEND = YES;
				GCC_C_LANGUAGE_STANDARD = gnu11;
				GCC_NO_COMMON_BLOCKS = YES;
				GCC_WARN_64_TO_32_BIT_CONVERSION = YES;
				GCC_WARN_ABOUT_RETURN_TYPE = YES_ERROR;
				GCC_WARN_UNDECLARED_SELECTOR = YES;
				GCC_WARN_UNINITIALIZED_AUTOS = YES_AGGRESSIVE;
				GCC_WARN_UNUSED_FUNCTION = YES;
				GCC_WARN_UNUSED_VARIABLE = YES;
				IPHONEOS_DEPLOYMENT_TARGET = 16.0;
				MTL_ENABLE_DEBUG_INFO = NO;
				MTL_FAST_MATH = YES;
				SDKROOT = iphoneos;
				SWIFT_COMPILATION_MODE = wholemodule;
				SWIFT_OPTIMIZATION_LEVEL = "-O";
				VALIDATE_PRODUCT = YES;
			};
			name = Release;
		};
		2CBC18792A856EA500C48745 /* Debug */ = {
			isa = XCBuildConfiguration;
			buildSettings = {
				ASSETCATALOG_COMPILER_APPICON_NAME = AppIcon;
				ASSETCATALOG_COMPILER_GLOBAL_ACCENT_COLOR_NAME = AccentColor;
				CODE_SIGN_STYLE = Automatic;
				CURRENT_PROJECT_VERSION = 1;
				DEVELOPMENT_TEAM = B27HT7JX8Q;
				GENERATE_INFOPLIST_FILE = YES;
				INFOPLIST_FILE = DeinDealTestApp/Resources/Info.plist;
				INFOPLIST_KEY_UIApplicationSupportsIndirectInputEvents = YES;
				INFOPLIST_KEY_UILaunchStoryboardName = LaunchScreen;
				INFOPLIST_KEY_UISupportedInterfaceOrientations = UIInterfaceOrientationPortrait;
				INFOPLIST_KEY_UISupportedInterfaceOrientations_iPad = "UIInterfaceOrientationLandscapeLeft UIInterfaceOrientationLandscapeRight UIInterfaceOrientationPortrait UIInterfaceOrientationPortraitUpsideDown";
				LD_RUNPATH_SEARCH_PATHS = (
					"$(inherited)",
					"@executable_path/Frameworks",
				);
				MARKETING_VERSION = 1.0;
				PRODUCT_BUNDLE_IDENTIFIER = io.fabricetiennette.DeinDealTestApp;
				PRODUCT_NAME = "$(TARGET_NAME)";
				SWIFT_EMIT_LOC_STRINGS = YES;
				SWIFT_VERSION = 5.0;
				TARGETED_DEVICE_FAMILY = "1,2";
			};
			name = Debug;
		};
		2CBC187A2A856EA500C48745 /* Release */ = {
			isa = XCBuildConfiguration;
			buildSettings = {
				ASSETCATALOG_COMPILER_APPICON_NAME = AppIcon;
				ASSETCATALOG_COMPILER_GLOBAL_ACCENT_COLOR_NAME = AccentColor;
				CODE_SIGN_STYLE = Automatic;
				CURRENT_PROJECT_VERSION = 1;
				DEVELOPMENT_TEAM = B27HT7JX8Q;
				GENERATE_INFOPLIST_FILE = YES;
				INFOPLIST_FILE = DeinDealTestApp/Resources/Info.plist;
				INFOPLIST_KEY_UIApplicationSupportsIndirectInputEvents = YES;
				INFOPLIST_KEY_UILaunchStoryboardName = LaunchScreen;
				INFOPLIST_KEY_UISupportedInterfaceOrientations = UIInterfaceOrientationPortrait;
				INFOPLIST_KEY_UISupportedInterfaceOrientations_iPad = "UIInterfaceOrientationLandscapeLeft UIInterfaceOrientationLandscapeRight UIInterfaceOrientationPortrait UIInterfaceOrientationPortraitUpsideDown";
				LD_RUNPATH_SEARCH_PATHS = (
					"$(inherited)",
					"@executable_path/Frameworks",
				);
				MARKETING_VERSION = 1.0;
				PRODUCT_BUNDLE_IDENTIFIER = io.fabricetiennette.DeinDealTestApp;
				PRODUCT_NAME = "$(TARGET_NAME)";
				SWIFT_EMIT_LOC_STRINGS = YES;
				SWIFT_VERSION = 5.0;
				TARGETED_DEVICE_FAMILY = "1,2";
			};
			name = Release;
		};
		2CBC187C2A856EA500C48745 /* Debug */ = {
			isa = XCBuildConfiguration;
			buildSettings = {
				ALWAYS_EMBED_SWIFT_STANDARD_LIBRARIES = YES;
				BUNDLE_LOADER = "$(TEST_HOST)";
				CODE_SIGN_STYLE = Automatic;
				CURRENT_PROJECT_VERSION = 1;
				DEVELOPMENT_TEAM = B27HT7JX8Q;
				GENERATE_INFOPLIST_FILE = YES;
				IPHONEOS_DEPLOYMENT_TARGET = 16.0;
				MARKETING_VERSION = 1.0;
				PRODUCT_BUNDLE_IDENTIFIER = io.fabricetiennette.DeinDealTestAppTests;
				PRODUCT_NAME = "$(TARGET_NAME)";
				SWIFT_EMIT_LOC_STRINGS = NO;
				SWIFT_VERSION = 5.0;
				TARGETED_DEVICE_FAMILY = "1,2";
				TEST_HOST = "$(BUILT_PRODUCTS_DIR)/DeinDealTestApp.app/$(BUNDLE_EXECUTABLE_FOLDER_PATH)/DeinDealTestApp";
			};
			name = Debug;
		};
		2CBC187D2A856EA500C48745 /* Release */ = {
			isa = XCBuildConfiguration;
			buildSettings = {
				ALWAYS_EMBED_SWIFT_STANDARD_LIBRARIES = YES;
				BUNDLE_LOADER = "$(TEST_HOST)";
				CODE_SIGN_STYLE = Automatic;
				CURRENT_PROJECT_VERSION = 1;
				DEVELOPMENT_TEAM = B27HT7JX8Q;
				GENERATE_INFOPLIST_FILE = YES;
				IPHONEOS_DEPLOYMENT_TARGET = 16.0;
				MARKETING_VERSION = 1.0;
				PRODUCT_BUNDLE_IDENTIFIER = io.fabricetiennette.DeinDealTestAppTests;
				PRODUCT_NAME = "$(TARGET_NAME)";
				SWIFT_EMIT_LOC_STRINGS = NO;
				SWIFT_VERSION = 5.0;
				TARGETED_DEVICE_FAMILY = "1,2";
				TEST_HOST = "$(BUILT_PRODUCTS_DIR)/DeinDealTestApp.app/$(BUNDLE_EXECUTABLE_FOLDER_PATH)/DeinDealTestApp";
			};
			name = Release;
		};
/* End XCBuildConfiguration section */

/* Begin XCConfigurationList section */
		2CBC18492A856E9F00C48745 /* Build configuration list for PBXProject "DeinDealTestApp" */ = {
			isa = XCConfigurationList;
			buildConfigurations = (
				2CBC18762A856EA500C48745 /* Debug */,
				2CBC18772A856EA500C48745 /* Release */,
			);
			defaultConfigurationIsVisible = 0;
			defaultConfigurationName = Release;
		};
		2CBC18782A856EA500C48745 /* Build configuration list for PBXNativeTarget "DeinDealTestApp" */ = {
			isa = XCConfigurationList;
			buildConfigurations = (
				2CBC18792A856EA500C48745 /* Debug */,
				2CBC187A2A856EA500C48745 /* Release */,
			);
			defaultConfigurationIsVisible = 0;
			defaultConfigurationName = Release;
		};
		2CBC187B2A856EA500C48745 /* Build configuration list for PBXNativeTarget "DeinDealTestAppTests" */ = {
			isa = XCConfigurationList;
			buildConfigurations = (
				2CBC187C2A856EA500C48745 /* Debug */,
				2CBC187D2A856EA500C48745 /* Release */,
			);
			defaultConfigurationIsVisible = 0;
			defaultConfigurationName = Release;
		};
/* End XCConfigurationList section */

/* Begin XCRemoteSwiftPackageReference section */
		2C925B322A85B9B7008654D6 /* XCRemoteSwiftPackageReference "SDWebImage" */ = {
			isa = XCRemoteSwiftPackageReference;
			repositoryURL = "https://github.com/SDWebImage/SDWebImage.git";
			requirement = {
				kind = upToNextMajorVersion;
				minimumVersion = 5.1.0;
			};
		};
		2CAF79152A86D91800F2504F /* XCRemoteSwiftPackageReference "SDWebImageSVGCoder" */ = {
			isa = XCRemoteSwiftPackageReference;
			repositoryURL = "https://github.com/SDWebImage/SDWebImageSVGCoder.git";
			requirement = {
				kind = upToNextMajorVersion;
				minimumVersion = 1.0.0;
			};
		};
/* End XCRemoteSwiftPackageReference section */

/* Begin XCSwiftPackageProductDependency section */
		2C4C302F2A8675F70044633F /* SDWebImage */ = {
			isa = XCSwiftPackageProductDependency;
			package = 2C925B322A85B9B7008654D6 /* XCRemoteSwiftPackageReference "SDWebImage" */;
			productName = SDWebImage;
		};
		2C925B332A85B9B7008654D6 /* SDWebImage */ = {
			isa = XCSwiftPackageProductDependency;
			package = 2C925B322A85B9B7008654D6 /* XCRemoteSwiftPackageReference "SDWebImage" */;
			productName = SDWebImage;
		};
		2CAF79162A86D91800F2504F /* SDWebImageSVGCoder */ = {
			isa = XCSwiftPackageProductDependency;
			package = 2CAF79152A86D91800F2504F /* XCRemoteSwiftPackageReference "SDWebImageSVGCoder" */;
			productName = SDWebImageSVGCoder;
		};
/* End XCSwiftPackageProductDependency section */
	};
	rootObject = 2CBC18462A856E9F00C48745 /* Project object */;
}
