<?xml version="1.0" encoding="UTF-8"?>
<Scheme
   LastUpgradeVersion = "1430"
   version = "1.7">
   <BuildAction
      parallelizeBuildables = "YES"
      buildImplicitDependencies = "YES">
      <BuildActionEntries>
         <BuildActionEntry
            buildForTesting = "YES"
            buildForRunning = "YES"
            buildForProfiling = "NO"
            buildForArchiving = "NO"
            buildForAnalyzing = "NO">
            <BuildableReference
               BuildableIdentifier = "primary"
               BlueprintIdentifier = "2CBC184D2A856EA000C48745"
               BuildableName = "DeinDealTestApp.app"
               BlueprintName = "DeinDealTestApp"
               ReferencedContainer = "container:DeinDealTestApp.xcodeproj">
            </BuildableReference>
         </BuildActionEntry>
         <BuildActionEntry
            buildForTesting = "YES"
            buildForRunning = "NO"
            buildForProfiling = "NO"
            buildForArchiving = "NO"
            buildForAnalyzing = "NO">
            <BuildableReference
               BuildableIdentifier = "primary"
               BlueprintIdentifier = "2CBC18632A856EA500C48745"
               BuildableName = "DeinDealTestAppTests.xctest"
               BlueprintName = "DeinDealTestAppTests"
               ReferencedContainer = "container:DeinDealTestApp.xcodeproj">
            </BuildableReference>
         </BuildActionEntry>
      </BuildActionEntries>
   </BuildAction>
   <TestAction
      buildConfiguration = "Debug"
      selectedDebuggerIdentifier = "Xcode.DebuggerFoundation.Debugger.LLDB"
      selectedLauncherIdentifier = "Xcode.DebuggerFoundation.Launcher.LLDB"
      shouldUseLaunchSchemeArgsEnv = "YES">
      <TestPlans>
         <TestPlanReference
            reference = "container:DeinDealTestAppTests/DeinDealTestPlan.xctestplan"
            default = "YES">
         </TestPlanReference>
      </TestPlans>
      <Testables>
         <TestableReference
            skipped = "NO"
            parallelizable = "YES">
            <BuildableReference
               BuildableIdentifier = "primary"
               BlueprintIdentifier = "2CBC18632A856EA500C48745"
               BuildableName = "DeinDealTestAppTests.xctest"
               BlueprintName = "DeinDealTestAppTests"
               ReferencedContainer = "container:DeinDealTestApp.xcodeproj">
            </BuildableReference>
         </TestableReference>
         <TestableReference
            skipped = "YES"
            parallelizable = "YES">
            <BuildableReference
               BuildableIdentifier = "primary"
               BlueprintIdentifier = "2CBC186D2A856EA500C48745"
               BuildableName = "DeinDealTestAppUITests.xctest"
               BlueprintName = "DeinDealTestAppUITests"
               ReferencedContainer = "container:DeinDealTestApp.xcodeproj">
            </BuildableReference>
         </TestableReference>
      </Testables>
   </TestAction>
   <LaunchAction
      buildConfiguration = "Debug"
      selectedDebuggerIdentifier = "Xcode.DebuggerFoundation.Debugger.LLDB"
      selectedLauncherIdentifier = "Xcode.DebuggerFoundation.Launcher.LLDB"
      launchStyle = "0"
      useCustomWorkingDirectory = "NO"
      ignoresPersistentStateOnLaunch = "NO"
      debugDocumentVersioning = "YES"
      debugServiceExtension = "internal"
      allowLocationSimulation = "YES">
      <BuildableProductRunnable
         runnableDebuggingMode = "0">
         <BuildableReference
            BuildableIdentifier = "primary"
            BlueprintIdentifier = "2CBC184D2A856EA000C48745"
            BuildableName = "DeinDealTestApp.app"
            BlueprintName = "DeinDealTestApp"
            ReferencedContainer = "container:DeinDealTestApp.xcodeproj">
         </BuildableReference>
      </BuildableProductRunnable>
   </LaunchAction>
   <ProfileAction
      buildConfiguration = "Release"
      shouldUseLaunchSchemeArgsEnv = "YES"
      savedToolIdentifier = ""
      useCustomWorkingDirectory = "NO"
      debugDocumentVersioning = "YES">
   </ProfileAction>
   <AnalyzeAction
      buildConfiguration = "Debug">
   </AnalyzeAction>
   <ArchiveAction
      buildConfiguration = "Release"
      revealArchiveInOrganizer = "YES">
   </ArchiveAction>
</Scheme>
